
Microsoft Visual Studio Solution File, Format Version 9.00
# Visual Studio 2005
Project("{FAE04EC0-301F-11D3-BF4B-00C04F79EFBC}") = "node", "node.csproj", "{8C2C337B-616F-45CB-AC8E-7152DB73B424}"
EndProject
Global
	GlobalSection(SolutionConfigurationPlatforms) = preSolution
		Debug|Any CPU = Debug|Any CPU
		Release|Any CPU = Release|Any CPU
	EndGlobalSection
	GlobalSection(ProjectConfigurationPlatforms) = postSolution
		{8C2C337B-616F-45CB-AC8E-7152DB73B424}.Debug|Any CPU.ActiveCfg = Debug|Any CPU
		{8C2C337B-616F-45CB-AC8E-7152DB73B424}.Debug|Any CPU.Build.0 = Debug|Any CPU
		{8C2C337B-616F-45CB-AC8E-7152DB73B424}.Release|Any CPU.ActiveCfg = Release|Any CPU
		{8C2C337B-616F-45CB-AC8E-7152DB73B424}.Release|Any CPU.Build.0 = Release|Any CPU
	EndGlobalSection
	GlobalSection(SolutionProperties) = preSolution
		HideSolutionNode = FALSE
	EndGlobalSection
EndGlobal
